dependencies:
- name: community-operator
  repository: https://mongodb.github.io/helm-charts
  version: 0.13.0
- name: traefik
  repository: https://traefik.github.io/charts
  version: 37.4.0
digest: sha256:80986abd36b908f08e100f9129db874d0e1fd2f748bb5163d7d77fe3d2ab132f
generated: "2025-12-08T19:13:07.022529+01:00"
